{
  "name": "fps-netcode",
  "version": "1.0.0",
  "lockfileVersion": 3,
  "requires": true,
  "packages": {
    "": {
      "name": "fps-netcode",
      "version": "1.0.0",
      "license": "GPL-3.0-only",
      "workspaces": [
        "packages/frontend",
        "packages/backend"
      ]
    },
    "node_modules/netcode-backend": {
      "resolved": "packages/backend",
      "link": true
    },
    "node_modules/netcode-frontend": {
      "resolved": "packages/frontend",
      "link": true
    },
    "packages/backend": {
      "version": "1.0.0",
      "license": "GPL-3.0",
      "devDependencies": {}
    },
    "packages/frontend": {
      "name": "netcode-frontend",
      "version": "1.0.0",
      "license": "GPL-3.0"
    }
  }
}
